github.com/CityOfZion/neo-go v0.0.0-20180927062732-c8d7671d268b h1:wuoVnZ7JYKBy3sHhloPJhLvwPob3jXj9Fdd9nu/DD8o=
github.com/CityOfZion/neo-go v0.0.0-20180927062732-c8d7671d268b/go.mod h1:rnq1z/odE2goww7o2G4q4XVXG3du0Vbfot+IMPsd9MA=
github.com/CityOfZion/neo-go v0.0.0-20190330235228-fb672c00adc5 h1:fBAGvZl3eMts8KqBltOq4YlB9EORhx+bJzhj+gYdlW0=
github.com/davecgh/go-spew v1.1.1 h1:vj9j/u1bqnvCEfJOwUhtlOARqs3+rkHYY13jYWTU97c=
github.com/davecgh/go-spew v1.1.1/go.mod h1:J7Y8YcW2NihsgmVo/mv3lAwl/skON4iLHjSsI+c5H38=
github.com/fsnotify/fsnotify v1.4.7/go.mod h1:jwhsz4b93w/PPRr/qN1Yymfu8t87LnFCMoQvtojpjFo=
github.com/go-redis/redis v6.15.2+incompatible h1:9SpNVG76gr6InJGxoZ6IuuxaCOQwDAhzyXg+Bs+0Sb4=
github.com/go-redis/redis v6.15.2+incompatible/go.mod h1:NAIEuMOZ/fxfXJIrKDQDz8wamY7mA7PouImQ2Jvg6kA=
github.com/go-yaml/yaml v2.1.0+incompatible h1:RYi2hDdss1u4YE7GwixGzWwVo47T8UQwnTLB6vQiq+o=
github.com/go-yaml/yaml v2.1.0+incompatible/go.mod h1:w2MrLa16VYP0jy6N7M5kHaCkaLENm+P+Tv+MfurjSw0=
github.com/golang/protobuf v1.2.0/go.mod h1:6lQm79b+lXiMfvg/cZm0SGofjICqVBUtrP5yJMmIC1U=
github.com/golang/snappy v0.0.0-20180518054509-2e65f85255db h1:woRePGFeVFfLKN/pOkfl+p/TAqKOfFu+7KPlMVpok/w=
github.com/golang/snappy v0.0.0-20180518054509-2e65f85255db/go.mod h1:/XxbfmMg8lxefKM7IXC3fBNl/7bRcc72aCRzEWrmP2Q=
github.com/gonum/blas v0.0.0-20181208220705-f22b278b28ac h1:Q0Jsdxl5jbxouNs1TQYt0gxesYMU4VXRbsTlgDloZ50=
github.com/gonum/blas v0.0.0-20181208220705-f22b278b28ac/go.mod h1:P32wAyui1PQ58Oce/KYkOqQv8cVw1zAapXOl+dRFGbc=
github.com/gonum/floats v0.0.0-20181209220543-c233463c7e82 h1:EvokxLQsaaQjcWVWSV38221VAK7qc2zhaO17bKys/18=
github.com/gonum/floats v0.0.0-20181209220543-c233463c7e82/go.mod h1:PxC8OnwL11+aosOB5+iEPoV3picfs8tUpkVd0pDo+Kg=
github.com/gonum/graph v0.0.0-20190426092945-678096d81a4b h1:LilU5ERRFWL+2D6yR1PL2oeS4n+xyTq1vfv39LFVaeE=
github.com/gonum/graph v0.0.0-20190426092945-678096d81a4b/go.mod h1:ye018NnX1zrbOLqwBvs2HqyyTouQgnL8C+qzYk1snPY=
github.com/gonum/internal v0.0.0-20181124074243-f884aa714029 h1:8jtTdc+Nfj9AR+0soOeia9UZSvYBvETVHZrugUowJ7M=
github.com/gonum/internal v0.0.0-20181124074243-f884aa714029/go.mod h1:Pu4dmpkhSyOzRwuXkOgAvijx4o+4YMUJJo9OvPYMkks=
github.com/gonum/lapack v0.0.0-20181123203213-e4cdc5a0bff9 h1:7qnwS9+oeSiOIsiUMajT+0R7HR6hw5NegnKPmn/94oI=
github.com/gonum/lapack v0.0.0-20181123203213-e4cdc5a0bff9/go.mod h1:XA3DeT6rxh2EAE789SSiSJNqxPaC0aE9J8NTOI0Jo/A=
github.com/gonum/matrix v0.0.0-20181209220409-c518dec07be9 h1:V2IgdyerlBa/MxaEFRbV5juy/C3MGdj4ePi+g6ePIp4=
github.com/gonum/matrix v0.0.0-20181209220409-c518dec07be9/go.mod h1:0EXg4mc1CNP0HCqCz+K4ts155PXIlUywf0wqN+GfPZw=
github.com/gorilla/websocket v1.4.0 h1:WDFjx/TMzVgy9VdMMQi2K2Emtwi2QcUQsztZ/zLaH/Q=
github.com/gorilla/websocket v1.4.0/go.mod h1:E7qHFY5m1UJ88s3WnNqhKjPHQ0heANvMoAMk2YaljkQ=
github.com/hpcloud/tail v1.0.0/go.mod h1:ab1qPbhIpdTxEkNHXyeSf5vhxWSCs/tWer42PpOxQnU=
github.com/kataras/golog v0.0.0-20190624001437-99c81de45f40 h1:Q/QxpyNBtfkhXE68tnEA4yyqm77eh/3YOjOw875VbBY=
github.com/kataras/golog v0.0.0-20190624001437-99c81de45f40/go.mod h1:PcaEvfvhGsqwXZ6S3CgCbmjcp+4UDUh2MIfF2ZEul8M=
github.com/kataras/pio v0.0.0-20190103105442-ea782b38602d h1:V5Rs9ztEWdp58oayPq/ulmlqJJZeJP6pP79uP3qjcao=
github.com/kataras/pio v0.0.0-20190103105442-ea782b38602d/go.mod h1:NV88laa9UiiDuX9AhMbDPkGYSPugBOV6yTZB1l2K9Z0=
github.com/konsorten/go-windows-terminal-sequences v1.0.1 h1:mweAR1A6xJ3oS2pRaGiHgQ4OO8tzTaLawm8vnODuwDk=
github.com/konsorten/go-windows-terminal-sequences v1.0.1/go.mod h1:T0+1ngSBFLxvqU3pZ+m/2kptfBszLMUkC4ZK/EgS/cQ=
github.com/neo-ngd/LogServer v1.1.2 h1:FxZrIRSKisBNbFhtVTkqH5t0TfRZcTbpW2pZRnWdewc=
github.com/onsi/ginkgo v1.6.0/go.mod h1:lLunBs/Ym6LB5Z9jYTR76FiuTmxDTDusOGeTQH+WWjE=
github.com/onsi/ginkgo v1.7.0/go.mod h1:lLunBs/Ym6LB5Z9jYTR76FiuTmxDTDusOGeTQH+WWjE=
github.com/onsi/gomega v1.4.3/go.mod h1:ex+gbHU/CVuBBDIJjb2X0qEXbFg53c61hWP/1CpauHY=
github.com/pkg/errors v0.8.1 h1:iURUrRGxPUNPdy5/HRSm+Yj6okJ6UtLINN0Q9M4+h3I=
github.com/pkg/errors v0.8.1/go.mod h1:bwawxfHBFNV+L2hUp1rHADufV3IMtnDRdf1r5NINEl0=
github.com/pmezard/go-difflib v1.0.0 h1:4DBwDE0NGyQoBHbLQYPwSUPoCMWR5BEzIk/f1lZbAQM=
github.com/pmezard/go-difflib v1.0.0/go.mod h1:iKH77koFhYxTK1pcRnkKkqfTogsbg7gZNVY4sRDYZ/4=
github.com/sirupsen/logrus v1.4.2 h1:SPIRibHv4MatM3XXNO2BJeFLZwZ2LvZgfQ5+UNI2im4=
github.com/sirupsen/logrus v1.4.2/go.mod h1:tLMulIdttU9McNUspp0xgXVQah82FyeX6MwdIuYE2rE=
github.com/stretchr/objx v0.1.1/go.mod h1:HFkY916IF+rwdDfMAkV7OtwuqBVzrE8GR6GFx+wExME=
github.com/stretchr/testify v1.2.2 h1:bSDNvY7ZPG5RlJ8otE/7V6gMiyenm9RtJ7IUVIAoJ1w=
github.com/stretchr/testify v1.2.2/go.mod h1:a8OnRcib4nhh0OaRAV+Yts87kKdq0PP7pXfy6kDkUVs=
github.com/syndtr/goleveldb v1.0.0 h1:fBdIW9lB4Iz0n9khmH8w27SJ3QEJ7+IgjPEwGSZiFdE=
github.com/syndtr/goleveldb v1.0.0/go.mod h1:ZVVdQEZoIme9iO1Ch2Jdy24qqXrMMOU6lpPAyBWyWuQ=
golang.org/x/crypto v0.0.0-20190308221718-c2843e01d9a2/go.mod h1:djNgcEr1/C05ACkg1iLfiJU5Ep61QUkGW8qpdssI0+w=
golang.org/x/crypto v0.0.0-20190701094942-4def268fd1a4 h1:HuIa8hRrWRSrqYzx1qI49NNxhdi2PrY7gxVSq1JjLDc=
golang.org/x/crypto v0.0.0-20190701094942-4def268fd1a4/go.mod h1:yigFU9vqHzYiE8UmvKecakEJjdnWj3jj499lnFckfCI=
golang.org/x/net v0.0.0-20180906233101-161cd47e91fd/go.mod h1:mL1N/T3taQHkDXs73rZJwtUhF3w3ftmwwsq0BUmARs4=
golang.org/x/net v0.0.0-20190404232315-eb5bcb51f2a3/go.mod h1:t9HGtf8HONx5eT2rtn7q6eTqICYqUVnKs3thJo3Qplg=
golang.org/x/net v0.0.0-20190620200207-3b0461eec859/go.mod h1:z5CRVTTTmAJ677TzLLGU+0bjPO0LkuOLi4/5GtJWs/s=
golang.org/x/sync v0.0.0-20180314180146-1d60e4601c6f/go.mod h1:RxMgew5VJxzue5/jJTE5uejpjVlOe/izrB70Jof72aM=
golang.org/x/sync v0.0.0-20190423024810-112230192c58/go.mod h1:RxMgew5VJxzue5/jJTE5uejpjVlOe/izrB70Jof72aM=
golang.org/x/sys v0.0.0-20180909124046-d0be0721c37e/go.mod h1:STP8DvDyc/dI5b8T5hshtkjS+E42TnysNCUPdjciGhY=
golang.org/x/sys v0.0.0-20190215142949-d0b11bdaac8a/go.mod h1:STP8DvDyc/dI5b8T5hshtkjS+E42TnysNCUPdjciGhY=
golang.org/x/sys v0.0.0-20190412213103-97732733099d/go.mod h1:h1NjWce9XRLGQEsW7wpKNCjG9DtNlClVuFLEZdDNbEs=
golang.org/x/sys v0.0.0-20190422165155-953cdadca894 h1:Cz4ceDQGXuKRnVBDTS23GTn/pU5OE2C0WrNTOYK1Uuc=
golang.org/x/sys v0.0.0-20190422165155-953cdadca894/go.mod h1:h1NjWce9XRLGQEsW7wpKNCjG9DtNlClVuFLEZdDNbEs=
golang.org/x/text v0.3.0/go.mod h1:NqM8EUOU14njkJ3fqMW+pc6Ldnwhi/IjpwHt7yyuwOQ=
golang.org/x/tools v0.0.0-20190815235612-5b08f89bfc0c h1:7eYQMBMvMxbxtNK/jCq9umo/V/QiO5CLoIzIpSYM1i4=
golang.org/x/tools v0.0.0-20190815235612-5b08f89bfc0c/go.mod h1:b+2E5dAYhXwXZwtnZ6UAqBI28+e2cm9otk0dWdXHAEo=
golang.org/x/xerrors v0.0.0-20190717185122-a985d3407aa7/go.mod h1:I/5z698sn9Ka8TeJc9MKroUUfqBBauWjQqLJ2OPfmY0=
gopkg.in/check.v1 v0.0.0-20161208181325-20d25e280405/go.mod h1:Co6ibVJAznAaIkqp8huTwlJQCZ016jof/cbN4VW5Yz0=
gopkg.in/fsnotify.v1 v1.4.7/go.mod h1:Tz8NjZHkW78fSQdbUxIjBTcgA1z1m8ZHf0WmKUhAMys=
gopkg.in/tomb.v1 v1.0.0-20141024135613-dd632973f1e7/go.mod h1:dt/ZhP58zS4L8KSrWDmTeBkI65Dw0HsyUHuEVlX15mw=
gopkg.in/yaml.v2 v2.2.1/go.mod h1:hI93XBmqTisBFMUTm0b8Fm+jr3Dg1NNxqwp+5A1VGuI=
